// !$*UTF8*$!
{
	archiveVersion = 1;
	classes = {
	};
	objectVersion = 46;
	objects = {

/* Begin PBXBuildFile section */
		64F76EFB19CD28EC00ABAB78 /* Foundation.framework in Frameworks */ = {isa = PBXBuildFile; fileRef = 64F76EFA19CD28EC00ABAB78 /* Foundation.framework */; };
		64F76EFD19CD28EC00ABAB78 /* CoreGraphics.framework in Frameworks */ = {isa = PBXBuildFile; fileRef = 64F76EFC19CD28EC00ABAB78 /* CoreGraphics.framework */; };
		64F76EFF19CD28EC00ABAB78 /* UIKit.framework in Frameworks */ = {isa = PBXBuildFile; fileRef = 64F76EFE19CD28EC00ABAB78 /* UIKit.framework */; };
		64F76F0519CD28EC00ABAB78 /* InfoPlist.strings in Resources */ = {isa = PBXBuildFile; fileRef = 64F76F0319CD28EC00ABAB78 /* InfoPlist.strings */; };
		64F76F0719CD28EC00ABAB78 /* main.m in Sources */ = {isa = PBXBuildFile; fileRef = 64F76F0619CD28EC00ABAB78 /* main.m */; };
		64F76F0B19CD28EC00ABAB78 /* AppDelegate.m in Sources */ = {isa = PBXBuildFile; fileRef = 64F76F0A19CD28EC00ABAB78 /* AppDelegate.m */; };
		64F76F0D19CD28EC00ABAB78 /* Images.xcassets in Resources */ = {isa = PBXBuildFile; fileRef = 64F76F0C19CD28EC00ABAB78 /* Images.xcassets */; };
		64F76F1419CD28EC00ABAB78 /* XCTest.framework in Frameworks */ = {isa = PBXBuildFile; fileRef = 64F76F1319CD28EC00ABAB78 /* XCTest.framework */; };
		64F76F1519CD28EC00ABAB78 /* Foundation.framework in Frameworks */ = {isa = PBXBuildFile; fileRef = 64F76EFA19CD28EC00ABAB78 /* Foundation.framework */; };
		64F76F1619CD28EC00ABAB78 /* UIKit.framework in Frameworks */ = {isa = PBXBuildFile; fileRef = 64F76EFE19CD28EC00ABAB78 /* UIKit.framework */; };
		64F76F1E19CD28EC00ABAB78 /* InfoPlist.strings in Resources */ = {isa = PBXBuildFile; fileRef = 64F76F1C19CD28EC00ABAB78 /* InfoPlist.strings */; };
		64F76F2019CD28EC00ABAB78 /* MapTest2Tests.m in Sources */ = {isa = PBXBuildFile; fileRef = 64F76F1F19CD28EC00ABAB78 /* MapTest2Tests.m */; };
/* End PBXBuildFile section */

/* Begin PBXContainerItemProxy section */
		64F76F1719CD28EC00ABAB78 /* PBXContainerItemProxy */ = {
			isa = PBXContainerItemProxy;
			containerPortal = 64F76EEF19CD28EC00ABAB78 /* Project object */;
			proxyType = 1;
			remoteGlobalIDString = 64F76EF619CD28EC00ABAB78;
			remoteInfo = MapTest2;
		};
/* End PBXContainerItemProxy section */

/* Begin PBXFileReference section */
		64F76EF719CD28EC00ABAB78 /* MapTest2.app */ = {isa = PBXFileReference; explicitFileType = wrapper.application; includeInIndex = 0; path = MapTest2.app; sourceTree = BUILT_PRODUCTS_DIR; };
		64F76EFA19CD28EC00ABAB78 /* Foundation.framework */ = {isa = PBXFileReference; lastKnownFileType = wrapper.framework; name = Foundation.framework; path = System/Library/Frameworks/Foundation.framework; sourceTree = SDKROOT; };
		64F76EFC19CD28EC00ABAB78 /* CoreGraphics.framework */ = {isa = PBXFileReference; lastKnownFileType = wrapper.framework; name = CoreGraphics.framework; path = System/Library/Frameworks/CoreGraphics.framework; sourceTree = SDKROOT; };
		64F76EFE19CD28EC00ABAB78 /* UIKit.framework */ = {isa = PBXFileReference; lastKnownFileType = wrapper.framework; name = UIKit.framework; path = System/Library/Frameworks/UIKit.framework; sourceTree = SDKROOT; };
		64F76F0219CD28EC00ABAB78 /* MapTest2-Info.plist */ = {isa = PBXFileReference; lastKnownFileType = text.plist.xml; path = "MapTest2-Info.plist"; sourceTree = "<group>"; };
		64F76F0419CD28EC00ABAB78 /* en */ = {isa = PBXFileReference; lastKnownFileType = text.plist.strings; name = en; path = en.lproj/InfoPlist.strings; sourceTree = "<group>"; };
		64F76F0619CD28EC00ABAB78 /* main.m */ = {isa = PBXFileReference; lastKnownFileType = sourcecode.c.objc; path = main.m; sourceTree = "<group>"; };
		64F76F0819CD28EC00ABAB78 /* MapTest2-Prefix.pch */ = {isa = PBXFileReference; lastKnownFileType = sourcecode.c.h; path = "MapTest2-Prefix.pch"; sourceTree = "<group>"; };
		64F76F0919CD28EC00ABAB78 /* AppDelegate.h */ = {isa = PBXFileReference; lastKnownFileType = sourcecode.c.h; path = AppDelegate.h; sourceTree = "<group>"; };
		64F76F0A19CD28EC00ABAB78 /* AppDelegate.m */ = {isa = PBXFileReference; lastKnownFileType = sourcecode.c.objc; path = AppDelegate.m; sourceTree = "<group>"; };
		64F76F0C19CD28EC00ABAB78 /* Images.xcassets */ = {isa = PBXFileReference; lastKnownFileType = folder.assetcatalog; path = Images.xcassets; sourceTree = "<group>"; };
		64F76F1219CD28EC00ABAB78 /* MapTest2Tests.xctest */ = {isa = PBXFileReference; explicitFileType = wrapper.cfbundle; includeInIndex = 0; path = MapTest2Tests.xctest; sourceTree = BUILT_PRODUCTS_DIR; };
		64F76F1319CD28EC00ABAB78 /* XCTest.framework */ = {isa = PBXFileReference; lastKnownFileType = wrapper.framework; name = XCTest.framework; path = Library/Frameworks/XCTest.framework; sourceTree = DEVELOPER_DIR; };
		64F76F1B19CD28EC00ABAB78 /* MapTest2Tests-Info.plist */ = {isa = PBXFileReference; lastKnownFileType = text.plist.xml; path = "MapTest2Tests-Info.plist"; sourceTree = "<group>"; };
		64F76F1D19CD28EC00ABAB78 /* en */ = {isa = PBXFileReference; lastKnownFileType = text.plist.strings; name = en; path = en.lproj/InfoPlist.strings; sourceTree = "<group>"; };
		64F76F1F19CD28EC00ABAB78 /* MapTest2Tests.m */ = {isa = PBXFileReference; lastKnownFileType = sourcecode.c.objc; path = MapTest2Tests.m; sourceTree = "<group>"; };
/* End PBXFileReference section */

/* Begin PBXFrameworksBuildPhase section */
		64F76EF419CD28EC00ABAB78 /* Frameworks */ = {
			isa = PBXFrameworksBuildPhase;
			buildActionMask = 2147483647;
			files = (
				64F76EFD19CD28EC00ABAB78 /* CoreGraphics.framework in Frameworks */,
				64F76EFF19CD28EC00ABAB78 /* UIKit.framework in Frameworks */,
				64F76EFB19CD28EC00ABAB78 /* Foundation.framework in Frameworks */,
			);
			runOnlyForDeploymentPostprocessing = 0;
		};
		64F76F0F19CD28EC00ABAB78 /* Frameworks */ = {
			isa = PBXFrameworksBuildPhase;
			buildActionMask = 2147483647;
			files = (
				64F76F1419CD28EC00ABAB78 /* XCTest.framework in Frameworks */,
				64F76F1619CD28EC00ABAB78 /* UIKit.framework in Frameworks */,
				64F76F1519CD28EC00ABAB78 /* Foundation.framework in Frameworks */,
			);
			runOnlyForDeploymentPostprocessing = 0;
		};
/* End PBXFrameworksBuildPhase section */

/* Begin PBXGroup section */
		64F76EEE19CD28EC00ABAB78 = {
			isa = PBXGroup;
			children = (
				64F76F0019CD28EC00ABAB78 /* MapTest2 */,
				64F76F1919CD28EC00ABAB78 /* MapTest2Tests */,
				64F76EF919CD28EC00ABAB78 /* Frameworks */,
				64F76EF819CD28EC00ABAB78 /* Products */,
			);
			sourceTree = "<group>";
		};
		64F76EF819CD28EC00ABAB78 /* Products */ = {
			isa = PBXGroup;
			children = (
				64F76EF719CD28EC00ABAB78 /* MapTest2.app */,
				64F76F1219CD28EC00ABAB78 /* MapTest2Tests.xctest */,
			);
			name = Products;
			sourceTree = "<group>";
		};
		64F76EF919CD28EC00ABAB78 /* Frameworks */ = {
			isa = PBXGroup;
			children = (
				64F76EFA19CD28EC00ABAB78 /* Foundation.framework */,
				64F76EFC19CD28EC00ABAB78 /* CoreGraphics.framework */,
				64F76EFE19CD28EC00ABAB78 /* UIKit.framework */,
				64F76F1319CD28EC00ABAB78 /* XCTest.framework */,
			);
			name = Frameworks;
			sourceTree = "<group>";
		};
		64F76F0019CD28EC00ABAB78 /* MapTest2 */ = {
			isa = PBXGroup;
			children = (
				64F76F0919CD28EC00ABAB78 /* AppDelegate.h */,
				64F76F0A19CD28EC00ABAB78 /* AppDelegate.m */,
				64F76F0C19CD28EC00ABAB78 /* Images.xcassets */,
				64F76F0119CD28EC00ABAB78 /* Supporting Files */,
			);
			path = MapTest2;
			sourceTree = "<group>";
		};
		64F76F0119CD28EC00ABAB78 /* Supporting Files */ = {
			isa = PBXGroup;
			children = (
				64F76F0219CD28EC00ABAB78 /* MapTest2-Info.plist */,
				64F76F0319CD28EC00ABAB78 /* InfoPlist.strings */,
				64F76F0619CD28EC00ABAB78 /* main.m */,
				64F76F0819CD28EC00ABAB78 /* MapTest2-Prefix.pch */,
			);
			name = "Supporting Files";
			sourceTree = "<group>";
		};
		64F76F1919CD28EC00ABAB78 /* MapTest2Tests */ = {
			isa = PBXGroup;
			children = (
				64F76F1F19CD28EC00ABAB78 /* MapTest2Tests.m */,
				64F76F1A19CD28EC00ABAB78 /* Supporting Files */,
			);
			path = MapTest2Tests;
			sourceTree = "<group>";
		};
		64F76F1A19CD28EC00ABAB78 /* Supporting Files */ = {
			isa = PBXGroup;
			children = (
				64F76F1B19CD28EC00ABAB78 /* MapTest2Tests-Info.plist */,
				64F76F1C19CD28EC00ABAB78 /* InfoPlist.strings */,
			);
			name = "Supporting Files";
			sourceTree = "<group>";
		};
/* End PBXGroup section */

/* Begin PBXNativeTarget section */
		64F76EF619CD28EC00ABAB78 /* MapTest2 */ = {
			isa = PBXNativeTarget;
			buildConfigurationList = 64F76F2319CD28EC00ABAB78 /* Build configuration list for PBXNativeTarget "MapTest2" */;
			buildPhases = (
				64F76EF319CD28EC00ABAB78 /* Sources */,
				64F76EF419CD28EC00ABAB78 /* Frameworks */,
				64F76EF519CD28EC00ABAB78 /* Resources */,
			);
			buildRules = (
			);
			dependencies = (
			);
			name = MapTest2;
			productName = MapTest2;
			productReference = 64F76EF719CD28EC00ABAB78 /* MapTest2.app */;
			productType = "com.apple.product-type.application";
		};
		64F76F1119CD28EC00ABAB78 /* MapTest2Tests */ = {
			isa = PBXNativeTarget;
			buildConfigurationList = 64F76F2619CD28EC00ABAB78 /* Build configuration list for PBXNativeTarget "MapTest2Tests" */;
			buildPhases = (
				64F76F0E19CD28EC00ABAB78 /* Sources */,
				64F76F0F19CD28EC00ABAB78 /* Frameworks */,
				64F76F1019CD28EC00ABAB78 /* Resources */,
			);
			buildRules = (
			);
			dependencies = (
				64F76F1819CD28EC00ABAB78 /* PBXTargetDependency */,
			);
			name = MapTest2Tests;
			productName = MapTest2Tests;
			productReference = 64F76F1219CD28EC00ABAB78 /* MapTest2Tests.xctest */;
			productType = "com.apple.product-type.bundle.unit-test";
		};
/* End PBXNativeTarget section */

/* Begin PBXProject section */
		64F76EEF19CD28EC00ABAB78 /* Project object */ = {
			isa = PBXProject;
			attributes = {
				LastUpgradeCheck = 0510;
				ORGANIZATIONNAME = "lanou3g.com 蓝鸥科技";
				TargetAttributes = {
					64F76F1119CD28EC00ABAB78 = {
						TestTargetID = 64F76EF619CD28EC00ABAB78;
					};
				};
			};
			buildConfigurationList = 64F76EF219CD28EC00ABAB78 /* Build configuration list for PBXProject "MapTest2" */;
			compatibilityVersion = "Xcode 3.2";
			developmentRegion = English;
			hasScannedForEncodings = 0;
			knownRegions = (
				en,
			);
			mainGroup = 64F76EEE19CD28EC00ABAB78;
			productRefGroup = 64F76EF819CD28EC00ABAB78 /* Products */;
			projectDirPath = "";
			projectRoot = "";
			targets = (
				64F76EF619CD28EC00ABAB78 /* MapTest2 */,
				64F76F1119CD28EC00ABAB78 /* MapTest2Tests */,
			);
		};
/* End PBXProject section */

/* Begin PBXResourcesBuildPhase section */
		64F76EF519CD28EC00ABAB78 /* Resources */ = {
			isa = PBXResourcesBuildPhase;
			buildActionMask = 2147483647;
			files = (
				64F76F0519CD28EC00ABAB78 /* InfoPlist.strings in Resources */,
				64F76F0D19CD28EC00ABAB78 /* Images.xcassets in Resources */,
			);
			runOnlyForDeploymentPostprocessing = 0;
		};
		64F76F1019CD28EC00ABAB78 /* Resources */ = {
			isa = PBXResourcesBuildPhase;
			buildActionMask = 2147483647;
			files = (
				64F76F1E19CD28EC00ABAB78 /* InfoPlist.strings in Resources */,
			);
			runOnlyForDeploymentPostprocessing = 0;
		};
/* End PBXResourcesBuildPhase section */

/* Begin PBXSourcesBuildPhase section */
		64F76EF319CD28EC00ABAB78 /* Sources */ = {
			isa = PBXSourcesBuildPhase;
			buildActionMask = 2147483647;
			files = (
				64F76F0B19CD28EC00ABAB78 /* AppDelegate.m in Sources */,
				64F76F0719CD28EC00ABAB78 /* main.m in Sources */,
			);
			runOnlyForDeploymentPostprocessing = 0;
		};
		64F76F0E19CD28EC00ABAB78 /* Sources */ = {
			isa = PBXSourcesBuildPhase;
			buildActionMask = 2147483647;
			files = (
				64F76F2019CD28EC00ABAB78 /* MapTest2Tests.m in Sources */,
			);
			runOnlyForDeploymentPostprocessing = 0;
		};
/* End PBXSourcesBuildPhase section */

/* Begin PBXTargetDependency section */
		64F76F1819CD28EC00ABAB78 /* PBXTargetDependency */ = {
			isa = PBXTargetDependency;
			target = 64F76EF619CD28EC00ABAB78 /* MapTest2 */;
			targetProxy = 64F76F1719CD28EC00ABAB78 /* PBXContainerItemProxy */;
		};
/* End PBXTargetDependency section */

/* Begin PBXVariantGroup section */
		64F76F0319CD28EC00ABAB78 /* InfoPlist.strings */ = {
			isa = PBXVariantGroup;
			children = (
				64F76F0419CD28EC00ABAB78 /* en */,
			);
			name = InfoPlist.strings;
			sourceTree = "<group>";
		};
		64F76F1C19CD28EC00ABAB78 /* InfoPlist.strings */ = {
			isa = PBXVariantGroup;
			children = (
				64F76F1D19CD28EC00ABAB78 /* en */,
			);
			name = InfoPlist.strings;
			sourceTree = "<group>";
		};
/* End PBXVariantGroup section */

/* Begin XCBuildConfiguration section */
		64F76F2119CD28EC00ABAB78 /* Debug */ = {
			isa = XCBuildConfiguration;
			buildSettings = {
				ALWAYS_SEARCH_USER_PATHS = NO;
				CLANG_CXX_LANGUAGE_STANDARD = "gnu++0x";
				CLANG_CXX_LIBRARY = "libc++";
				CLANG_ENABLE_MODULES = YES;
				CLANG_ENABLE_OBJC_ARC = YES;
				CLANG_WARN_BOOL_CONVERSION = YES;
				CLANG_WARN_CONSTANT_CONVERSION = YES;
				CLANG_WARN_DIRECT_OBJC_ISA_USAGE = YES_ERROR;
				CLANG_WARN_EMPTY_BODY = YES;
				CLANG_WARN_ENUM_CONVERSION = YES;
				CLANG_WARN_INT_CONVERSION = YES;
				CLANG_WARN_OBJC_ROOT_CLASS = YES_ERROR;
				CLANG_WARN__DUPLICATE_METHOD_MATCH = YES;
				"CODE_SIGN_IDENTITY[sdk=iphoneos*]" = "iPhone Developer";
				COPY_PHASE_STRIP = NO;
				GCC_C_LANGUAGE_STANDARD = gnu99;
				GCC_DYNAMIC_NO_PIC = NO;
				GCC_OPTIMIZATION_LEVEL = 0;
				GCC_PREPROCESSOR_DEFINITIONS = (
					"DEBUG=1",
					"$(inherited)",
				);
				GCC_SYMBOLS_PRIVATE_EXTERN = NO;
				GCC_WARN_64_TO_32_BIT_CONVERSION = YES;
				GCC_WARN_ABOUT_RETURN_TYPE = YES_ERROR;
				GCC_WARN_UNDECLARED_SELECTOR = YES;
				GCC_WARN_UNINITIALIZED_AUTOS = YES_AGGRESSIVE;
				GCC_WARN_UNUSED_FUNCTION = YES;
				GCC_WARN_UNUSED_VARIABLE = YES;
				IPHONEOS_DEPLOYMENT_TARGET = 7.1;
				ONLY_ACTIVE_ARCH = YES;
				SDKROOT = iphoneos;
			};
			name = Debug;
		};
		64F76F2219CD28EC00ABAB78 /* Release */ = {
			isa = XCBuildConfiguration;
			buildSettings = {
				ALWAYS_SEARCH_USER_PATHS = NO;
				CLANG_CXX_LANGUAGE_STANDARD = "gnu++0x";
				CLANG_CXX_LIBRARY = "libc++";
				CLANG_ENABLE_MODULES = YES;
				CLANG_ENABLE_OBJC_ARC = YES;
				CLANG_WARN_BOOL_CONVERSION = YES;
				CLANG_WARN_CONSTANT_CONVERSION = YES;
				CLANG_WARN_DIRECT_OBJC_ISA_USAGE = YES_ERROR;
				CLANG_WARN_EMPTY_BODY = YES;
				CLANG_WARN_ENUM_CONVERSION = YES;
				CLANG_WARN_INT_CONVERSION = YES;
				CLANG_WARN_OBJC_ROOT_CLASS = YES_ERROR;
				CLANG_WARN__DUPLICATE_METHOD_MATCH = YES;
				"CODE_SIGN_IDENTITY[sdk=iphoneos*]" = "iPhone Developer";
				COPY_PHASE_STRIP = YES;
				ENABLE_NS_ASSERTIONS = NO;
				GCC_C_LANGUAGE_STANDARD = gnu99;
				GCC_WARN_64_TO_32_BIT_CONVERSION = YES;
				GCC_WARN_ABOUT_RETURN_TYPE = YES_ERROR;
				GCC_WARN_UNDECLARED_SELECTOR = YES;
				GCC_WARN_UNINITIALIZED_AUTOS = YES_AGGRESSIVE;
				GCC_WARN_UNUSED_FUNCTION = YES;
				GCC_WARN_UNUSED_VARIABLE = YES;
				IPHONEOS_DEPLOYMENT_TARGET = 7.1;
				SDKROOT = iphoneos;
				VALIDATE_PRODUCT = YES;
			};
			name = Release;
		};
		64F76F2419CD28EC00ABAB78 /* Debug */ = {
			isa = XCBuildConfiguration;
			buildSettings = {
				ASSETCATALOG_COMPILER_APPICON_NAME = AppIcon;
				ASSETCATALOG_COMPILER_LAUNCHIMAGE_NAME = LaunchImage;
				GCC_PRECOMPILE_PREFIX_HEADER = YES;
				GCC_PREFIX_HEADER = "MapTest2/MapTest2-Prefix.pch";
				INFOPLIST_FILE = "MapTest2/MapTest2-Info.plist";
				PRODUCT_NAME = "$(TARGET_NAME)";
				WRAPPER_EXTENSION = app;
			};
			name = Debug;
		};
		64F76F2519CD28EC00ABAB78 /* Release */ = {
			isa = XCBuildConfiguration;
			buildSettings = {
				ASSETCATALOG_COMPILER_APPICON_NAME = AppIcon;
				ASSETCATALOG_COMPILER_LAUNCHIMAGE_NAME = LaunchImage;
				GCC_PRECOMPILE_PREFIX_HEADER = YES;
				GCC_PREFIX_HEADER = "MapTest2/MapTest2-Prefix.pch";
				INFOPLIST_FILE = "MapTest2/MapTest2-Info.plist";
				PRODUCT_NAME = "$(TARGET_NAME)";
				WRAPPER_EXTENSION = app;
			};
			name = Release;
		};
		64F76F2719CD28EC00ABAB78 /* Debug */ = {
			isa = XCBuildConfiguration;
			buildSettings = {
				BUNDLE_LOADER = "$(BUILT_PRODUCTS_DIR)/MapTest2.app/MapTest2";
				FRAMEWORK_SEARCH_PATHS = (
					"$(SDKROOT)/Developer/Library/Frameworks",
					"$(inherited)",
					"$(DEVELOPER_FRAMEWORKS_DIR)",
				);
				GCC_PRECOMPILE_PREFIX_HEADER = YES;
				GCC_PREFIX_HEADER = "MapTest2/MapTest2-Prefix.pch";
				GCC_PREPROCESSOR_DEFINITIONS = (
					"DEBUG=1",
					"$(inherited)",
				);
				INFOPLIST_FILE = "MapTest2Tests/MapTest2Tests-Info.plist";
				PRODUCT_NAME = "$(TARGET_NAME)";
				TEST_HOST = "$(BUNDLE_LOADER)";
				WRAPPER_EXTENSION = xctest;
			};
			name = Debug;
		};
		64F76F2819CD28EC00ABAB78 /* Release */ = {
			isa = XCBuildConfiguration;
			buildSettings = {
				BUNDLE_LOADER = "$(BUILT_PRODUCTS_DIR)/MapTest2.app/MapTest2";
				FRAMEWORK_SEARCH_PATHS = (
					"$(SDKROOT)/Developer/Library/Frameworks",
					"$(inherited)",
					"$(DEVELOPER_FRAMEWORKS_DIR)",
				);
				GCC_PRECOMPILE_PREFIX_HEADER = YES;
				GCC_PREFIX_HEADER = "MapTest2/MapTest2-Prefix.pch";
				INFOPLIST_FILE = "MapTest2Tests/MapTest2Tests-Info.plist";
				PRODUCT_NAME = "$(TARGET_NAME)";
				TEST_HOST = "$(BUNDLE_LOADER)";
				WRAPPER_EXTENSION = xctest;
			};
			name = Release;
		};
/* End XCBuildConfiguration section */

/* Begin XCConfigurationList section */
		64F76EF219CD28EC00ABAB78 /* Build configuration list for PBXProject "MapTest2" */ = {
			isa = XCConfigurationList;
			buildConfigurations = (
				64F76F2119CD28EC00ABAB78 /* Debug */,
				64F76F2219CD28EC00ABAB78 /* Release */,
			);
			defaultConfigurationIsVisible = 0;
			defaultConfigurationName = Release;
		};
		64F76F2319CD28EC00ABAB78 /* Build configuration list for PBXNativeTarget "MapTest2" */ = {
			isa = XCConfigurationList;
			buildConfigurations = (
				64F76F2419CD28EC00ABAB78 /* Debug */,
				64F76F2519CD28EC00ABAB78 /* Release */,
			);
			defaultConfigurationIsVisible = 0;
		};
		64F76F2619CD28EC00ABAB78 /* Build configuration list for PBXNativeTarget "MapTest2Tests" */ = {
			isa = XCConfigurationList;
			buildConfigurations = (
				64F76F2719CD28EC00ABAB78 /* Debug */,
				64F76F2819CD28EC00ABAB78 /* Release */,
			);
			defaultConfigurationIsVisible = 0;
		};
/* End XCConfigurationList section */
	};
	rootObject = 64F76EEF19CD28EC00ABAB78 /* Project object */;
}
